# This file is automatically @generated by Cargo.
# It is not intended for manual editing.
version = 3

[[package]]
name = "advapi32-sys"
version = "0.1.2"
source = "registry+https://github.com/rust-lang/crates.io-index"
checksum = "307c92332867e586720c0222ee9d890bbe8431711efed8a1b06bc5b40fc66bd7"
dependencies = [
 "winapi 0.2.4",
 "winapi-build",
]

[[package]]
name = "bson"
version = "0.1.4"
source = "registry+https://github.com/rust-lang/crates.io-index"
checksum = "0e78d395104eb9ea4bed2c2276bee57f7670483b7185336f73e96b1e46f700c7"
dependencies = [
 "byteorder",
 "chrono",
 "libc 0.1.12",
 "rand",
 "rust-crypto",
 "rustc-serialize",
 "time 0.1.45",
]

[[package]]
name = "bufstream"
version = "0.1.1"
source = "registry+https://github.com/rust-lang/crates.io-index"
checksum = "7e493de6a8aed51697088e36dc5245ea3edd34e6872e32c732e5f996ed5b23b2"

[[package]]
name = "byteorder"
version = "0.3.13"
source = "registry+https://github.com/rust-lang/crates.io-index"
checksum = "29b2aa490a8f546381308d68fc79e6bd753cd3ad839f7a7172897f1feedfa175"

[[package]]
name = "chrono"
version = "0.2.16"
source = "registry+https://github.com/rust-lang/crates.io-index"
checksum = "1ed2231b97ad8daf758110992543927fa6d9834d6b9c875a1de20bf6eb6d011f"
dependencies = [
 "num",
 "time 0.3.20",
]

[[package]]
name = "gcc"
version = "0.3.19"
source = "registry+https://github.com/rust-lang/crates.io-index"
checksum = "7c4709c32c47168f5fdf6fcece04b283931fc071b713435bff40d67b5f0b5d5d"
dependencies = [
 "advapi32-sys",
 "winapi 0.2.4",
]

[[package]]
name = "libc"
version = "0.1.12"
source = "registry+https://github.com/rust-lang/crates.io-index"
checksum = "e32a70cf75e5846d53a673923498228bbec6a8624708a9ea5645f075d6276122"

[[package]]
name = "libc"
version = "0.2.140"
source = "registry+https://github.com/rust-lang/crates.io-index"
checksum = "99227334921fae1a979cf0bfdfcc6b3e5ce376ef57e16fb6fb3ea2ed6095f80c"

[[package]]
name = "mongodb"
version = "0.1.0"
dependencies = [
 "bson",
 "bufstream",
 "byteorder",
 "chrono",
 "nalgebra",
 "rand",
 "rust-crypto",
 "rustc-serialize",
 "scan_fmt",
 "separator",
 "textnonce",
 "time 0.3.20",
]

[[package]]
name = "nalgebra"
version = "0.2.23"
source = "registry+https://github.com/rust-lang/crates.io-index"
checksum = "dc0de530fa41bda538bdfd8d63a348247e5ae1e795edaf946a3dac4cc7ee2da6"
dependencies = [
 "num",
 "rand",
 "rustc-serialize",
]

[[package]]
name = "num"
version = "0.1.27"
source = "registry+https://github.com/rust-lang/crates.io-index"
checksum = "4251ea00b7fa74610f0685b55495fcc86e4971b1951cb732b91d817f71bcae7c"
dependencies = [
 "rand",
 "rustc-serialize",
]

[[package]]
name = "rand"
version = "0.3.11"
source = "registry+https://github.com/rust-lang/crates.io-index"
checksum = "9f7c7a46a8a1f876a89c594f7171a4152f5d7db20bfd4861c4f59b314ee81bff"
dependencies = [
 "advapi32-sys",
 "libc 0.1.12",
 "winapi 0.2.4",
]

[[package]]
name = "rust-crypto"
version = "0.2.34"
source = "registry+https://github.com/rust-lang/crates.io-index"
checksum = "b8672a8eb8db93d0938972e391159ba66912b415285ee5cf0ebe732df9e53b70"
dependencies = [
 "gcc",
 "libc 0.1.12",
 "rand",
 "rustc-serialize",
 "time 0.1.45",
]

[[package]]
name = "rustc-serialize"
version = "0.3.16"
source = "registry+https://github.com/rust-lang/crates.io-index"
checksum = "1a48546a64cae47d06885e9bccadb99d0547d877a94c5167fa451ea33a484456"

[[package]]
name = "scan_fmt"
version = "0.1.1"
source = "registry+https://github.com/rust-lang/crates.io-index"
checksum = "fa6802ea974ecc8dc187344c6836df3681a5392489bb0342c1baf0da4f67d8b4"

[[package]]
name = "separator"
version = "0.3.0"
source = "registry+https://github.com/rust-lang/crates.io-index"
checksum = "e237ad2e46a2067c098c9e6c31f67e2f380e8abeb3263130946023534627e3b7"

[[package]]
name = "serde"
version = "1.0.159"
source = "registry+https://github.com/rust-lang/crates.io-index"
checksum = "3c04e8343c3daeec41f58990b9d77068df31209f2af111e059e9fe9646693065"

[[package]]
name = "textnonce"
version = "0.1.1"
source = "registry+https://github.com/rust-lang/crates.io-index"
checksum = "06f613d314ea2559cbe4bef37ebcb40f304c11700b6403f9bb5bdd579607f6b5"
dependencies = [
 "rand",
 "rustc-serialize",
 "time 0.3.20",
]

[[package]]
name = "time"
version = "0.1.45"
source = "registry+https://github.com/rust-lang/crates.io-index"
checksum = "1b797afad3f312d1c66a56d11d0316f916356d11bd158fbc6ca6389ff6bf805a"
dependencies = [
 "libc 0.2.140",
 "wasi",
 "winapi 0.3.9",
]

[[package]]
name = "time"
version = "0.3.20"
source = "registry+https://github.com/rust-lang/crates.io-index"
checksum = "cd0cbfecb4d19b5ea75bb31ad904eb5b9fa13f21079c3b92017ebdf4999a5890"
dependencies = [
 "serde",
 "time-core",
]

[[package]]
name = "time-core"
version = "0.1.0"
source = "registry+https://github.com/rust-lang/crates.io-index"
checksum = "2e153e1f1acaef8acc537e68b44906d2db6436e2b35ac2c6b42640fff91f00fd"

[[package]]
name = "wasi"
version = "0.10.0+wasi-snapshot-preview1"
source = "registry+https://github.com/rust-lang/crates.io-index"
checksum = "1a143597ca7c7793eff794def352d41792a93c481eb1042423ff7ff72ba2c31f"

[[package]]
name = "winapi"
version = "0.2.4"
source = "registry+https://github.com/rust-lang/crates.io-index"
checksum = "5350e40d908c7e8b9e5c9edb541ca47cc617c6229d3575a46da6f550f36c96fd"

[[package]]
name = "winapi"
version = "0.3.9"
source = "registry+https://github.com/rust-lang/crates.io-index"
checksum = "5c839a674fcd7a98952e593242ea400abe93992746761e38641405d28b00f419"
dependencies = [
 "winapi-i686-pc-windows-gnu",
 "winapi-x86_64-pc-windows-gnu",
]

[[package]]
name = "winapi-build"
version = "0.1.1"
source = "registry+https://github.com/rust-lang/crates.io-index"
checksum = "2d315eee3b34aca4797b2da6b13ed88266e6d612562a0c46390af8299fc699bc"

[[package]]
name = "winapi-i686-pc-windows-gnu"
version = "0.4.0"
source = "registry+https://github.com/rust-lang/crates.io-index"
checksum = "ac3b87c63620426dd9b991e5ce0329eff545bccbbb34f3be09ff6fb6ab51b7b6"

[[package]]
name = "winapi-x86_64-pc-windows-gnu"
version = "0.4.0"
source = "registry+https://github.com/rust-lang/crates.io-index"
checksum = "712e227841d057c1ee1cd2fb22fa7e5a5461ae8e48fa2ca79ec42cfc1931183f"
